
Microsoft Visual Studio Solution File, Format Version 12.00
# Visual Studio 15
VisualStudioVersion = 15.0.28307.852
MinimumVisualStudioVersion = 10.0.40219.1
Project("{8BC9CEB8-8B4A-11D0-8D11-00A0C91BC942}") = "T1", "T1\T1.vcxproj", "{CB03B9DA-57BA-4853-B5F9-59BF1038A207}"
EndProject
Project("{8BC9CEB8-8B4A-11D0-8D11-00A0C91BC942}") = "T2", "T2\T2.vcxproj", "{0D92F645-A41B-430A-9C14-15FB199CB2E8}"
EndProject
Project("{8BC9CEB8-8B4A-11D0-8D11-00A0C91BC942}") = "T3", "T3\T3.vcxproj", "{93A552D6-7E19-4059-AA97-03AA1865762B}"
EndProject
Project("{8BC9CEB8-8B4A-11D0-8D11-00A0C91BC942}") = "T4", "T4\T4.vcxproj", "{6BD434B4-75EB-44F7-94BC-43CA4E526F70}"
EndProject
Project("{8BC9CEB8-8B4A-11D0-8D11-00A0C91BC942}") = "T4_1", "T4_1\T4_1.vcxproj", "{0E9A12CF-BF8A-429B-814A-CF7A1785091C}"
EndProject
Project("{2150E333-8FDC-42A3-9474-1A3956D46DE8}") = "N2", "N2", "{DAA32C08-CC9F-45E4-9949-7B246897B0EA}"
EndProject
Project("{8BC9CEB8-8B4A-11D0-8D11-00A0C91BC942}") = "Polindrom", "Polindrom\Polindrom.vcxproj", "{A7F24779-C2DC-4360-8AFD-33DAA56F1339}"
EndProject
Project("{8BC9CEB8-8B4A-11D0-8D11-00A0C91BC942}") = "PolindromVector", "PolindromVector\PolindromVector.vcxproj", "{C612D8BE-79D5-43F6-9008-C904F8A30724}"
EndProject
Project("{8BC9CEB8-8B4A-11D0-8D11-00A0C91BC942}") = "LetterF", "LetterF\LetterF.vcxproj", "{5D5ECF7A-C82B-427F-869A-8D3D346D1708}"
EndProject
Project("{2150E333-8FDC-42A3-9474-1A3956D46DE8}") = "N1", "N1", "{1FA85067-E516-4ED1-A31C-F3C1F23B349E}"
EndProject
Project("{8BC9CEB8-8B4A-11D0-8D11-00A0C91BC942}") = "Второе вхождение", "N1\ConsoleApplication1\ConsoleApplication1.vcxproj", "{B1764ED0-1A46-4F97-BF06-16891F7F729D}"
EndProject
Project("{8BC9CEB8-8B4A-11D0-8D11-00A0C91BC942}") = "Наибольший общий делитель", "N1\Наибольший общий делитель\Наибольший общий делитель.vcxproj", "{277EE144-A1BD-46AF-A803-34DA4C8A3CCF}"
EndProject
Project("{8BC9CEB8-8B4A-11D0-8D11-00A0C91BC942}") = "Двоичные числа", "N1\Двоичные числа\Двоичные числа.vcxproj", "{0FEC03BE-8682-496C-8D00-CC7D667963D6}"
EndProject
Global
	GlobalSection(SolutionConfigurationPlatforms) = preSolution
		Debug|x64 = Debug|x64
		Debug|x86 = Debug|x86
		Release|x64 = Release|x64
		Release|x86 = Release|x86
	EndGlobalSection
	GlobalSection(ProjectConfigurationPlatforms) = postSolution
		{CB03B9DA-57BA-4853-B5F9-59BF1038A207}.Debug|x64.ActiveCfg = Debug|x64
		{CB03B9DA-57BA-4853-B5F9-59BF1038A207}.Debug|x64.Build.0 = Debug|x64
		{CB03B9DA-57BA-4853-B5F9-59BF1038A207}.Debug|x86.ActiveCfg = Debug|Win32
		{CB03B9DA-57BA-4853-B5F9-59BF1038A207}.Debug|x86.Build.0 = Debug|Win32
		{CB03B9DA-57BA-4853-B5F9-59BF1038A207}.Release|x64.ActiveCfg = Release|x64
		{CB03B9DA-57BA-4853-B5F9-59BF1038A207}.Release|x64.Build.0 = Release|x64
		{CB03B9DA-57BA-4853-B5F9-59BF1038A207}.Release|x86.ActiveCfg = Release|Win32
		{CB03B9DA-57BA-4853-B5F9-59BF1038A207}.Release|x86.Build.0 = Release|Win32
		{0D92F645-A41B-430A-9C14-15FB199CB2E8}.Debug|x64.ActiveCfg = Debug|x64
		{0D92F645-A41B-430A-9C14-15FB199CB2E8}.Debug|x64.Build.0 = Debug|x64
		{0D92F645-A41B-430A-9C14-15FB199CB2E8}.Debug|x86.ActiveCfg = Debug|Win32
		{0D92F645-A41B-430A-9C14-15FB199CB2E8}.Debug|x86.Build.0 = Debug|Win32
		{0D92F645-A41B-430A-9C14-15FB199CB2E8}.Release|x64.ActiveCfg = Release|x64
		{0D92F645-A41B-430A-9C14-15FB199CB2E8}.Release|x64.Build.0 = Release|x64
		{0D92F645-A41B-430A-9C14-15FB199CB2E8}.Release|x86.ActiveCfg = Release|Win32
		{0D92F645-A41B-430A-9C14-15FB199CB2E8}.Release|x86.Build.0 = Release|Win32
		{93A552D6-7E19-4059-AA97-03AA1865762B}.Debug|x64.ActiveCfg = Debug|x64
		{93A552D6-7E19-4059-AA97-03AA1865762B}.Debug|x64.Build.0 = Debug|x64
		{93A552D6-7E19-4059-AA97-03AA1865762B}.Debug|x86.ActiveCfg = Debug|Win32
		{93A552D6-7E19-4059-AA97-03AA1865762B}.Debug|x86.Build.0 = Debug|Win32
		{93A552D6-7E19-4059-AA97-03AA1865762B}.Release|x64.ActiveCfg = Release|x64
		{93A552D6-7E19-4059-AA97-03AA1865762B}.Release|x64.Build.0 = Release|x64
		{93A552D6-7E19-4059-AA97-03AA1865762B}.Release|x86.ActiveCfg = Release|Win32
		{93A552D6-7E19-4059-AA97-03AA1865762B}.Release|x86.Build.0 = Release|Win32
		{6BD434B4-75EB-44F7-94BC-43CA4E526F70}.Debug|x64.ActiveCfg = Debug|x64
		{6BD434B4-75EB-44F7-94BC-43CA4E526F70}.Debug|x64.Build.0 = Debug|x64
		{6BD434B4-75EB-44F7-94BC-43CA4E526F70}.Debug|x86.ActiveCfg = Debug|Win32
		{6BD434B4-75EB-44F7-94BC-43CA4E526F70}.Debug|x86.Build.0 = Debug|Win32
		{6BD434B4-75EB-44F7-94BC-43CA4E526F70}.Release|x64.ActiveCfg = Release|x64
		{6BD434B4-75EB-44F7-94BC-43CA4E526F70}.Release|x64.Build.0 = Release|x64
		{6BD434B4-75EB-44F7-94BC-43CA4E526F70}.Release|x86.ActiveCfg = Release|Win32
		{6BD434B4-75EB-44F7-94BC-43CA4E526F70}.Release|x86.Build.0 = Release|Win32
		{0E9A12CF-BF8A-429B-814A-CF7A1785091C}.Debug|x64.ActiveCfg = Debug|x64
		{0E9A12CF-BF8A-429B-814A-CF7A1785091C}.Debug|x64.Build.0 = Debug|x64
		{0E9A12CF-BF8A-429B-814A-CF7A1785091C}.Debug|x86.ActiveCfg = Debug|Win32
		{0E9A12CF-BF8A-429B-814A-CF7A1785091C}.Debug|x86.Build.0 = Debug|Win32
		{0E9A12CF-BF8A-429B-814A-CF7A1785091C}.Release|x64.ActiveCfg = Release|x64
		{0E9A12CF-BF8A-429B-814A-CF7A1785091C}.Release|x64.Build.0 = Release|x64
		{0E9A12CF-BF8A-429B-814A-CF7A1785091C}.Release|x86.ActiveCfg = Release|Win32
		{0E9A12CF-BF8A-429B-814A-CF7A1785091C}.Release|x86.Build.0 = Release|Win32
		{A7F24779-C2DC-4360-8AFD-33DAA56F1339}.Debug|x64.ActiveCfg = Debug|x64
		{A7F24779-C2DC-4360-8AFD-33DAA56F1339}.Debug|x64.Build.0 = Debug|x64
		{A7F24779-C2DC-4360-8AFD-33DAA56F1339}.Debug|x86.ActiveCfg = Debug|Win32
		{A7F24779-C2DC-4360-8AFD-33DAA56F1339}.Debug|x86.Build.0 = Debug|Win32
		{A7F24779-C2DC-4360-8AFD-33DAA56F1339}.Release|x64.ActiveCfg = Release|x64
		{A7F24779-C2DC-4360-8AFD-33DAA56F1339}.Release|x64.Build.0 = Release|x64
		{A7F24779-C2DC-4360-8AFD-33DAA56F1339}.Release|x86.ActiveCfg = Release|Win32
		{A7F24779-C2DC-4360-8AFD-33DAA56F1339}.Release|x86.Build.0 = Release|Win32
		{C612D8BE-79D5-43F6-9008-C904F8A30724}.Debug|x64.ActiveCfg = Debug|x64
		{C612D8BE-79D5-43F6-9008-C904F8A30724}.Debug|x64.Build.0 = Debug|x64
		{C612D8BE-79D5-43F6-9008-C904F8A30724}.Debug|x86.ActiveCfg = Debug|Win32
		{C612D8BE-79D5-43F6-9008-C904F8A30724}.Debug|x86.Build.0 = Debug|Win32
		{C612D8BE-79D5-43F6-9008-C904F8A30724}.Release|x64.ActiveCfg = Release|x64
		{C612D8BE-79D5-43F6-9008-C904F8A30724}.Release|x64.Build.0 = Release|x64
		{C612D8BE-79D5-43F6-9008-C904F8A30724}.Release|x86.ActiveCfg = Release|Win32
		{C612D8BE-79D5-43F6-9008-C904F8A30724}.Release|x86.Build.0 = Release|Win32
		{5D5ECF7A-C82B-427F-869A-8D3D346D1708}.Debug|x64.ActiveCfg = Debug|x64
		{5D5ECF7A-C82B-427F-869A-8D3D346D1708}.Debug|x64.Build.0 = Debug|x64
		{5D5ECF7A-C82B-427F-869A-8D3D346D1708}.Debug|x86.ActiveCfg = Debug|Win32
		{5D5ECF7A-C82B-427F-869A-8D3D346D1708}.Debug|x86.Build.0 = Debug|Win32
		{5D5ECF7A-C82B-427F-869A-8D3D346D1708}.Release|x64.ActiveCfg = Release|x64
		{5D5ECF7A-C82B-427F-869A-8D3D346D1708}.Release|x64.Build.0 = Release|x64
		{5D5ECF7A-C82B-427F-869A-8D3D346D1708}.Release|x86.ActiveCfg = Release|Win32
		{5D5ECF7A-C82B-427F-869A-8D3D346D1708}.Release|x86.Build.0 = Release|Win32
		{B1764ED0-1A46-4F97-BF06-16891F7F729D}.Debug|x64.ActiveCfg = Debug|x64
		{B1764ED0-1A46-4F97-BF06-16891F7F729D}.Debug|x64.Build.0 = Debug|x64
		{B1764ED0-1A46-4F97-BF06-16891F7F729D}.Debug|x86.ActiveCfg = Debug|Win32
		{B1764ED0-1A46-4F97-BF06-16891F7F729D}.Debug|x86.Build.0 = Debug|Win32
		{B1764ED0-1A46-4F97-BF06-16891F7F729D}.Release|x64.ActiveCfg = Release|x64
		{B1764ED0-1A46-4F97-BF06-16891F7F729D}.Release|x64.Build.0 = Release|x64
		{B1764ED0-1A46-4F97-BF06-16891F7F729D}.Release|x86.ActiveCfg = Release|Win32
		{B1764ED0-1A46-4F97-BF06-16891F7F729D}.Release|x86.Build.0 = Release|Win32
		{277EE144-A1BD-46AF-A803-34DA4C8A3CCF}.Debug|x64.ActiveCfg = Debug|x64
		{277EE144-A1BD-46AF-A803-34DA4C8A3CCF}.Debug|x64.Build.0 = Debug|x64
		{277EE144-A1BD-46AF-A803-34DA4C8A3CCF}.Debug|x86.ActiveCfg = Debug|Win32
		{277EE144-A1BD-46AF-A803-34DA4C8A3CCF}.Debug|x86.Build.0 = Debug|Win32
		{277EE144-A1BD-46AF-A803-34DA4C8A3CCF}.Release|x64.ActiveCfg = Release|x64
		{277EE144-A1BD-46AF-A803-34DA4C8A3CCF}.Release|x64.Build.0 = Release|x64
		{277EE144-A1BD-46AF-A803-34DA4C8A3CCF}.Release|x86.ActiveCfg = Release|Win32
		{277EE144-A1BD-46AF-A803-34DA4C8A3CCF}.Release|x86.Build.0 = Release|Win32
		{0FEC03BE-8682-496C-8D00-CC7D667963D6}.Debug|x64.ActiveCfg = Debug|x64
		{0FEC03BE-8682-496C-8D00-CC7D667963D6}.Debug|x64.Build.0 = Debug|x64
		{0FEC03BE-8682-496C-8D00-CC7D667963D6}.Debug|x86.ActiveCfg = Debug|Win32
		{0FEC03BE-8682-496C-8D00-CC7D667963D6}.Debug|x86.Build.0 = Debug|Win32
		{0FEC03BE-8682-496C-8D00-CC7D667963D6}.Release|x64.ActiveCfg = Release|x64
		{0FEC03BE-8682-496C-8D00-CC7D667963D6}.Release|x64.Build.0 = Release|x64
		{0FEC03BE-8682-496C-8D00-CC7D667963D6}.Release|x86.ActiveCfg = Release|Win32
		{0FEC03BE-8682-496C-8D00-CC7D667963D6}.Release|x86.Build.0 = Release|Win32
	EndGlobalSection
	GlobalSection(SolutionProperties) = preSolution
		HideSolutionNode = FALSE
	EndGlobalSection
	GlobalSection(NestedProjects) = preSolution
		{A7F24779-C2DC-4360-8AFD-33DAA56F1339} = {DAA32C08-CC9F-45E4-9949-7B246897B0EA}
		{C612D8BE-79D5-43F6-9008-C904F8A30724} = {DAA32C08-CC9F-45E4-9949-7B246897B0EA}
		{B1764ED0-1A46-4F97-BF06-16891F7F729D} = {1FA85067-E516-4ED1-A31C-F3C1F23B349E}
		{277EE144-A1BD-46AF-A803-34DA4C8A3CCF} = {1FA85067-E516-4ED1-A31C-F3C1F23B349E}
		{0FEC03BE-8682-496C-8D00-CC7D667963D6} = {1FA85067-E516-4ED1-A31C-F3C1F23B349E}
	EndGlobalSection
	GlobalSection(ExtensibilityGlobals) = postSolution
		SolutionGuid = {F5FDD14C-5430-4F94-B972-B8B9E411E202}
	EndGlobalSection
EndGlobal
